
Microsoft Visual Studio Solution File, Format Version 11.00
# Visual Studio 2010
Project("{FAE04EC0-301F-11D3-BF4B-00C04F79EFBC}") = "Assembly-CSharp-firstpass", "Assembly-CSharp-firstpass.csproj", "{280b478c-9bcf-52a6-41bd-dbd8e152ab47}"
EndProject
Project("{FAE04EC0-301F-11D3-BF4B-00C04F79EFBC}") = "Assembly-CSharp", "Assembly-CSharp.csproj", "{35e88928-2781-f25b-6591-4d63cc5fa024}"
EndProject
Project("{FAE04EC0-301F-11D3-BF4B-00C04F79EFBC}") = "EnhancedHierarchyEditor", "EnhancedHierarchyEditor.csproj", "{7550de0d-52b8-8179-db3e-16b6460d60c5}"
EndProject
Project("{FAE04EC0-301F-11D3-BF4B-00C04F79EFBC}") = "Assembly-CSharp-Editor-firstpass", "Assembly-CSharp-Editor-firstpass.csproj", "{bc6db137-f9f3-b87b-614f-40a5f9129007}"
EndProject
Project("{FAE04EC0-301F-11D3-BF4B-00C04F79EFBC}") = "Assembly-CSharp-Editor", "Assembly-CSharp-Editor.csproj", "{62b578dd-9c8c-55be-f805-d5317a529106}"
EndProject
Project("{FAE04EC0-301F-11D3-BF4B-00C04F79EFBC}") = "Sirenix.OdinInspector.Modules.UnityMathematics", "Sirenix.OdinInspector.Modules.UnityMathematics.csproj", "{65a6d9e8-5766-b088-a0d5-51c754798cbe}"
EndProject
Global
	GlobalSection(SolutionConfigurationPlatforms) = preSolution
		Debug|Any CPU = Debug|Any CPU
	EndGlobalSection
	GlobalSection(ProjectConfigurationPlatforms) = postSolution
		{280b478c-9bcf-52a6-41bd-dbd8e152ab47}.Debug|Any CPU.ActiveCfg = Debug|Any CPU
		{280b478c-9bcf-52a6-41bd-dbd8e152ab47}.Debug|Any CPU.Build.0 = Debug|Any CPU
		{35e88928-2781-f25b-6591-4d63cc5fa024}.Debug|Any CPU.ActiveCfg = Debug|Any CPU
		{35e88928-2781-f25b-6591-4d63cc5fa024}.Debug|Any CPU.Build.0 = Debug|Any CPU
		{7550de0d-52b8-8179-db3e-16b6460d60c5}.Debug|Any CPU.ActiveCfg = Debug|Any CPU
		{7550de0d-52b8-8179-db3e-16b6460d60c5}.Debug|Any CPU.Build.0 = Debug|Any CPU
		{bc6db137-f9f3-b87b-614f-40a5f9129007}.Debug|Any CPU.ActiveCfg = Debug|Any CPU
		{bc6db137-f9f3-b87b-614f-40a5f9129007}.Debug|Any CPU.Build.0 = Debug|Any CPU
		{62b578dd-9c8c-55be-f805-d5317a529106}.Debug|Any CPU.ActiveCfg = Debug|Any CPU
		{62b578dd-9c8c-55be-f805-d5317a529106}.Debug|Any CPU.Build.0 = Debug|Any CPU
		{65a6d9e8-5766-b088-a0d5-51c754798cbe}.Debug|Any CPU.ActiveCfg = Debug|Any CPU
		{65a6d9e8-5766-b088-a0d5-51c754798cbe}.Debug|Any CPU.Build.0 = Debug|Any CPU
	EndGlobalSection
	GlobalSection(SolutionProperties) = preSolution
		HideSolutionNode = FALSE
	EndGlobalSection
EndGlobal
